
Microsoft Visual Studio Solution File, Format Version 11.00
# Visual Studio 2010
Project("{FAE04EC0-301F-11D3-BF4B-00C04F79EFBC}") = "OpenRm.Server.Gui", "OpenRm.Server.Gui\OpenRm.Server.Gui.csproj", "{33A5A6CD-1EFC-4FF9-BF40-4ABC669EC322}"
EndProject
Project("{FAE04EC0-301F-11D3-BF4B-00C04F79EFBC}") = "OpenRm.Server.Gui.Inf", "OpenRm.Server.Gui.Inf\OpenRm.Server.Gui.Inf.csproj", "{8488DE26-2A84-4DB2-9421-7F181CA7AA5F}"
EndProject
Global
	GlobalSection(TeamFoundationVersionControl) = preSolution
		SccNumberOfProjects = 3
		SccEnterpriseProvider = {4CA58AB2-18FA-4F8D-95D4-32DDF27D184C}
		SccTeamFoundationServer = https://tfs.codeplex.com/tfs/tfs27
		SccLocalPath0 = .
		SccProjectUniqueName1 = OpenRm.Server.Gui\\OpenRm.Server.Gui.csproj
		SccProjectName1 = OpenRm.Server.Gui
		SccLocalPath1 = OpenRm.Server.Gui
		SccProjectUniqueName2 = OpenRm.Server.Gui.Inf\\OpenRm.Server.Gui.Inf.csproj
		SccProjectName2 = OpenRm.Server.Gui.Inf
		SccLocalPath2 = OpenRm.Server.Gui.Inf
	EndGlobalSection
	GlobalSection(SolutionConfigurationPlatforms) = preSolution
		Debug|Any CPU = Debug|Any CPU
		Debug|Mixed Platforms = Debug|Mixed Platforms
		Debug|x86 = Debug|x86
		Release|Any CPU = Release|Any CPU
		Release|Mixed Platforms = Release|Mixed Platforms
		Release|x86 = Release|x86
	EndGlobalSection
	GlobalSection(ProjectConfigurationPlatforms) = postSolution
		{33A5A6CD-1EFC-4FF9-BF40-4ABC669EC322}.Debug|Any CPU.ActiveCfg = Debug|Any CPU
		{33A5A6CD-1EFC-4FF9-BF40-4ABC669EC322}.Debug|Any CPU.Build.0 = Debug|Any CPU
		{33A5A6CD-1EFC-4FF9-BF40-4ABC669EC322}.Debug|Mixed Platforms.ActiveCfg = Debug|x86
		{33A5A6CD-1EFC-4FF9-BF40-4ABC669EC322}.Debug|Mixed Platforms.Build.0 = Debug|x86
		{33A5A6CD-1EFC-4FF9-BF40-4ABC669EC322}.Debug|x86.ActiveCfg = Debug|x86
		{33A5A6CD-1EFC-4FF9-BF40-4ABC669EC322}.Debug|x86.Build.0 = Debug|x86
		{33A5A6CD-1EFC-4FF9-BF40-4ABC669EC322}.Release|Any CPU.ActiveCfg = Release|x86
		{33A5A6CD-1EFC-4FF9-BF40-4ABC669EC322}.Release|Mixed Platforms.ActiveCfg = Release|x86
		{33A5A6CD-1EFC-4FF9-BF40-4ABC669EC322}.Release|Mixed Platforms.Build.0 = Release|x86
		{33A5A6CD-1EFC-4FF9-BF40-4ABC669EC322}.Release|x86.ActiveCfg = Release|x86
		{33A5A6CD-1EFC-4FF9-BF40-4ABC669EC322}.Release|x86.Build.0 = Release|x86
		{8488DE26-2A84-4DB2-9421-7F181CA7AA5F}.Debug|Any CPU.ActiveCfg = Debug|Any CPU
		{8488DE26-2A84-4DB2-9421-7F181CA7AA5F}.Debug|Any CPU.Build.0 = Debug|Any CPU
		{8488DE26-2A84-4DB2-9421-7F181CA7AA5F}.Debug|Mixed Platforms.ActiveCfg = Debug|Any CPU
		{8488DE26-2A84-4DB2-9421-7F181CA7AA5F}.Debug|Mixed Platforms.Build.0 = Debug|Any CPU
		{8488DE26-2A84-4DB2-9421-7F181CA7AA5F}.Debug|x86.ActiveCfg = Debug|Any CPU
		{8488DE26-2A84-4DB2-9421-7F181CA7AA5F}.Release|Any CPU.ActiveCfg = Release|Any CPU
		{8488DE26-2A84-4DB2-9421-7F181CA7AA5F}.Release|Any CPU.Build.0 = Release|Any CPU
		{8488DE26-2A84-4DB2-9421-7F181CA7AA5F}.Release|Mixed Platforms.ActiveCfg = Release|Any CPU
		{8488DE26-2A84-4DB2-9421-7F181CA7AA5F}.Release|Mixed Platforms.Build.0 = Release|Any CPU
		{8488DE26-2A84-4DB2-9421-7F181CA7AA5F}.Release|x86.ActiveCfg = Release|Any CPU
	EndGlobalSection
	GlobalSection(SolutionProperties) = preSolution
		HideSolutionNode = FALSE
	EndGlobalSection
EndGlobal
